
Microsoft Visual Studio Solution File, Format Version 12.00
# Visual Studio Version 17
VisualStudioVersion = 17.10.35122.118
MinimumVisualStudioVersion = 10.0.40219.1
Project("{FAE04EC0-301F-11D3-BF4B-00C04F79EFBC}") = "ParcialCompis", "ParcialCompis\ParcialCompis.csproj", "{837FBB04-B408-4AC7-869D-235238B6D804}"
EndProject
Global
	GlobalSection(SolutionConfigurationPlatforms) = preSolution
		Debug|Any CPU = Debug|Any CPU
		Release|Any CPU = Release|Any CPU
	EndGlobalSection
	GlobalSection(ProjectConfigurationPlatforms) = postSolution
		{837FBB04-B408-4AC7-869D-235238B6D804}.Debug|Any CPU.ActiveCfg = Debug|Any CPU
		{837FBB04-B408-4AC7-869D-235238B6D804}.Debug|Any CPU.Build.0 = Debug|Any CPU
		{837FBB04-B408-4AC7-869D-235238B6D804}.Release|Any CPU.ActiveCfg = Release|Any CPU
		{837FBB04-B408-4AC7-869D-235238B6D804}.Release|Any CPU.Build.0 = Release|Any CPU
	EndGlobalSection
	GlobalSection(SolutionProperties) = preSolution
		HideSolutionNode = FALSE
	EndGlobalSection
	GlobalSection(ExtensibilityGlobals) = postSolution
		SolutionGuid = {42221946-CCEE-447D-B52C-5300859F387E}
	EndGlobalSection
EndGlobal
